
Microsoft Visual Studio Solution File, Format Version 12.00
Project("{FAE04EC0-301F-11D3-BF4B-00C04F79EFBC}") = "JaCoreUI", "JaCoreUI\JaCoreUI.csproj", "{279BFE96-D7F0-4845-B9EA-ED9A4621D180}"
EndProject
Project("{FAE04EC0-301F-11D3-BF4B-00C04F79EFBC}") = "BatchProcess3", "BatchProcess3\BatchProcess3.csproj", "{3695601E-CA59-4A9B-9B8C-7982751E438F}"
EndProject
Global
	GlobalSection(SolutionConfigurationPlatforms) = preSolution
		Debug|Any CPU = Debug|Any CPU
		Release|Any CPU = Release|Any CPU
	EndGlobalSection
	GlobalSection(ProjectConfigurationPlatforms) = postSolution
		{279BFE96-D7F0-4845-B9EA-ED9A4621D180}.Debug|Any CPU.ActiveCfg = Debug|Any CPU
		{279BFE96-D7F0-4845-B9EA-ED9A4621D180}.Debug|Any CPU.Build.0 = Debug|Any CPU
		{279BFE96-D7F0-4845-B9EA-ED9A4621D180}.Release|Any CPU.ActiveCfg = Release|Any CPU
		{279BFE96-D7F0-4845-B9EA-ED9A4621D180}.Release|Any CPU.Build.0 = Release|Any CPU
		{3695601E-CA59-4A9B-9B8C-7982751E438F}.Debug|Any CPU.ActiveCfg = Debug|Any CPU
		{3695601E-CA59-4A9B-9B8C-7982751E438F}.Debug|Any CPU.Build.0 = Debug|Any CPU
		{3695601E-CA59-4A9B-9B8C-7982751E438F}.Release|Any CPU.ActiveCfg = Release|Any CPU
		{3695601E-CA59-4A9B-9B8C-7982751E438F}.Release|Any CPU.Build.0 = Release|Any CPU
	EndGlobalSection
EndGlobal
